
Microsoft Visual Studio Solution File, Format Version 12.00
# Visual Studio Version 17
VisualStudioVersion = 17.8.34316.72
MinimumVisualStudioVersion = 10.0.40219.1
Project("{FAE04EC0-301F-11D3-BF4B-00C04F79EFBC}") = "WpfApp1", "WpfApp1\WpfApp1.csproj", "{FA687427-2896-4324-9B0F-DDC07EE39293}"
EndProject
Project("{FAE04EC0-301F-11D3-BF4B-00C04F79EFBC}") = "Day5", "..\Day5\Day5\Day5.csproj", "{4D6593CF-C61C-4050-BC21-2144940ED007}"
EndProject
Global
	GlobalSection(SolutionConfigurationPlatforms) = preSolution
		Debug|Any CPU = Debug|Any CPU
		Release|Any CPU = Release|Any CPU
	EndGlobalSection
	GlobalSection(ProjectConfigurationPlatforms) = postSolution
		{FA687427-2896-4324-9B0F-DDC07EE39293}.Debug|Any CPU.ActiveCfg = Debug|Any CPU
		{FA687427-2896-4324-9B0F-DDC07EE39293}.Debug|Any CPU.Build.0 = Debug|Any CPU
		{FA687427-2896-4324-9B0F-DDC07EE39293}.Release|Any CPU.ActiveCfg = Release|Any CPU
		{FA687427-2896-4324-9B0F-DDC07EE39293}.Release|Any CPU.Build.0 = Release|Any CPU
		{4D6593CF-C61C-4050-BC21-2144940ED007}.Debug|Any CPU.ActiveCfg = Debug|Any CPU
		{4D6593CF-C61C-4050-BC21-2144940ED007}.Debug|Any CPU.Build.0 = Debug|Any CPU
		{4D6593CF-C61C-4050-BC21-2144940ED007}.Release|Any CPU.ActiveCfg = Release|Any CPU
		{4D6593CF-C61C-4050-BC21-2144940ED007}.Release|Any CPU.Build.0 = Release|Any CPU
	EndGlobalSection
	GlobalSection(SolutionProperties) = preSolution
		HideSolutionNode = FALSE
	EndGlobalSection
	GlobalSection(ExtensibilityGlobals) = postSolution
		SolutionGuid = {AD5B13A8-6B6B-44C1-B461-7103B6293F6C}
	EndGlobalSection
EndGlobal
